
Microsoft Visual Studio Solution File, Format Version 12.00
# Visual Studio Version 18
<<<<<<< HEAD
VisualStudioVersion = 18.0.11222.15
=======
VisualStudioVersion = 18.0.11222.15 d18.0
>>>>>>> bec2b4adec176b8feba42e45d4688ea785fb304c
MinimumVisualStudioVersion = 10.0.40219.1
Project("{FAE04EC0-301F-11D3-BF4B-00C04F79EFBC}") = "CrawlBoost", "CrawlBoost.csproj", "{207D612C-0F42-1359-604F-7B5B41BEF648}"
EndProject
Global
	GlobalSection(SolutionConfigurationPlatforms) = preSolution
		Debug|Any CPU = Debug|Any CPU
		Release|Any CPU = Release|Any CPU
	EndGlobalSection
	GlobalSection(ProjectConfigurationPlatforms) = postSolution
		{207D612C-0F42-1359-604F-7B5B41BEF648}.Debug|Any CPU.ActiveCfg = Debug|Any CPU
		{207D612C-0F42-1359-604F-7B5B41BEF648}.Debug|Any CPU.Build.0 = Debug|Any CPU
		{207D612C-0F42-1359-604F-7B5B41BEF648}.Release|Any CPU.ActiveCfg = Release|Any CPU
		{207D612C-0F42-1359-604F-7B5B41BEF648}.Release|Any CPU.Build.0 = Release|Any CPU
	EndGlobalSection
	GlobalSection(SolutionProperties) = preSolution
		HideSolutionNode = FALSE
	EndGlobalSection
	GlobalSection(ExtensibilityGlobals) = postSolution
		SolutionGuid = {F01A68C4-FFF6-4D86-86AF-DD97B92EBF9A}
	EndGlobalSection
EndGlobal
